
Microsoft Visual Studio Solution File, Format Version 12.00
# Visual Studio Version 16
VisualStudioVersion = 16.0.31321.278
MinimumVisualStudioVersion = 10.0.40219.1
Project("{FAE04EC0-301F-11D3-BF4B-00C04F79EFBC}") = "WebApplication.Doctor.BlazorServer", "WebApplication.Doctor\WebApplication.Doctor.BlazorServer.csproj", "{D332C863-D7E2-4D7F-B9CD-CC58DA1DAD55}"
EndProject
Project("{FAE04EC0-301F-11D3-BF4B-00C04F79EFBC}") = "Doctor.Application.Controller", "Doctor.Application.Controller\Doctor.Application.Controller.csproj", "{B8F001C5-FFFD-45F9-A810-7D607FA7A0A8}"
EndProject
Project("{FAE04EC0-301F-11D3-BF4B-00C04F79EFBC}") = "Doctor.Application.Model", "Doctor.Application.Model\Doctor.Application.Model.csproj", "{ED032798-A100-4C6E-BEB8-819A06D35F51}"
EndProject
Project("{FAE04EC0-301F-11D3-BF4B-00C04F79EFBC}") = "Doctor.Application.Utilities", "Doctor.Application.Utilities\Doctor.Application.Utilities.csproj", "{AD94866A-9351-40E4-9235-B12B4FDCF69D}"
EndProject
Project("{FAE04EC0-301F-11D3-BF4B-00C04F79EFBC}") = "Doctor.Application.Tests", "Doctor.Application.Tests\Doctor.Application.Tests.csproj", "{61EE6228-2AA5-462D-BC1E-8B722FB7FA99}"
EndProject
Global
	GlobalSection(SolutionConfigurationPlatforms) = preSolution
		Debug|Any CPU = Debug|Any CPU
		Release|Any CPU = Release|Any CPU
	EndGlobalSection
	GlobalSection(ProjectConfigurationPlatforms) = postSolution
		{D332C863-D7E2-4D7F-B9CD-CC58DA1DAD55}.Debug|Any CPU.ActiveCfg = Debug|Any CPU
		{D332C863-D7E2-4D7F-B9CD-CC58DA1DAD55}.Debug|Any CPU.Build.0 = Debug|Any CPU
		{D332C863-D7E2-4D7F-B9CD-CC58DA1DAD55}.Release|Any CPU.ActiveCfg = Release|Any CPU
		{D332C863-D7E2-4D7F-B9CD-CC58DA1DAD55}.Release|Any CPU.Build.0 = Release|Any CPU
		{B8F001C5-FFFD-45F9-A810-7D607FA7A0A8}.Debug|Any CPU.ActiveCfg = Debug|Any CPU
		{B8F001C5-FFFD-45F9-A810-7D607FA7A0A8}.Debug|Any CPU.Build.0 = Debug|Any CPU
		{B8F001C5-FFFD-45F9-A810-7D607FA7A0A8}.Release|Any CPU.ActiveCfg = Release|Any CPU
		{B8F001C5-FFFD-45F9-A810-7D607FA7A0A8}.Release|Any CPU.Build.0 = Release|Any CPU
		{ED032798-A100-4C6E-BEB8-819A06D35F51}.Debug|Any CPU.ActiveCfg = Debug|Any CPU
		{ED032798-A100-4C6E-BEB8-819A06D35F51}.Debug|Any CPU.Build.0 = Debug|Any CPU
		{ED032798-A100-4C6E-BEB8-819A06D35F51}.Release|Any CPU.ActiveCfg = Release|Any CPU
		{ED032798-A100-4C6E-BEB8-819A06D35F51}.Release|Any CPU.Build.0 = Release|Any CPU
		{AD94866A-9351-40E4-9235-B12B4FDCF69D}.Debug|Any CPU.ActiveCfg = Debug|Any CPU
		{AD94866A-9351-40E4-9235-B12B4FDCF69D}.Debug|Any CPU.Build.0 = Debug|Any CPU
		{AD94866A-9351-40E4-9235-B12B4FDCF69D}.Release|Any CPU.ActiveCfg = Release|Any CPU
		{AD94866A-9351-40E4-9235-B12B4FDCF69D}.Release|Any CPU.Build.0 = Release|Any CPU
		{61EE6228-2AA5-462D-BC1E-8B722FB7FA99}.Debug|Any CPU.ActiveCfg = Debug|Any CPU
		{61EE6228-2AA5-462D-BC1E-8B722FB7FA99}.Debug|Any CPU.Build.0 = Debug|Any CPU
		{61EE6228-2AA5-462D-BC1E-8B722FB7FA99}.Release|Any CPU.ActiveCfg = Release|Any CPU
		{61EE6228-2AA5-462D-BC1E-8B722FB7FA99}.Release|Any CPU.Build.0 = Release|Any CPU
	EndGlobalSection
	GlobalSection(SolutionProperties) = preSolution
		HideSolutionNode = FALSE
	EndGlobalSection
	GlobalSection(ExtensibilityGlobals) = postSolution
		SolutionGuid = {1EA92E0E-E3D4-4F8A-81EE-E7320C89D829}
	EndGlobalSection
EndGlobal
