
Microsoft Visual Studio Solution File, Format Version 12.00
# Visual Studio Version 16
VisualStudioVersion = 16.0.31205.134
MinimumVisualStudioVersion = 10.0.40219.1
Project("{9A19103F-16F7-4668-BE54-9A1E7A4F7556}") = "Doctor.AppService.Rest", "Doctor.AppService.Rest\Doctor.AppService.Rest.csproj", "{6BA234F9-FA28-400B-A07F-B256A8FD8DE6}"
EndProject
Global
	GlobalSection(SolutionConfigurationPlatforms) = preSolution
		Debug|Any CPU = Debug|Any CPU
		Release|Any CPU = Release|Any CPU
	EndGlobalSection
	GlobalSection(ProjectConfigurationPlatforms) = postSolution
		{6BA234F9-FA28-400B-A07F-B256A8FD8DE6}.Debug|Any CPU.ActiveCfg = Debug|Any CPU
		{6BA234F9-FA28-400B-A07F-B256A8FD8DE6}.Debug|Any CPU.Build.0 = Debug|Any CPU
		{6BA234F9-FA28-400B-A07F-B256A8FD8DE6}.Release|Any CPU.ActiveCfg = Release|Any CPU
		{6BA234F9-FA28-400B-A07F-B256A8FD8DE6}.Release|Any CPU.Build.0 = Release|Any CPU
	EndGlobalSection
	GlobalSection(SolutionProperties) = preSolution
		HideSolutionNode = FALSE
	EndGlobalSection
	GlobalSection(ExtensibilityGlobals) = postSolution
		SolutionGuid = {41E62484-AE52-4B40-B211-5AE01641FCC5}
	EndGlobalSection
EndGlobal
