
Microsoft Visual Studio Solution File, Format Version 12.00
# Visual Studio Version 16
VisualStudioVersion = 16.0.31025.194
MinimumVisualStudioVersion = 10.0.40219.1
Project("{9A19103F-16F7-4668-BE54-9A1E7A4F7556}") = "Patients.Rest", "Patients\Patients.Rest.csproj", "{66A31E91-FBD7-4CCA-A921-A37ED256F90A}"
EndProject
Project("{9A19103F-16F7-4668-BE54-9A1E7A4F7556}") = "Patients.Model", "Patients.Model\Patients.Model.csproj", "{A897F099-D347-45DD-BF47-5E141BAA4122}"
EndProject
Project("{9A19103F-16F7-4668-BE54-9A1E7A4F7556}") = "Patients.Logic", "Patients.Logic\Patients.Logic.csproj", "{9EC8AF7A-86C2-4A1D-BA57-2D0398120353}"
EndProject
Project("{9A19103F-16F7-4668-BE54-9A1E7A4F7556}") = "Patients.Rest.Model", "Patients.Rest.Model\Patients.Rest.Model.csproj", "{54B2D6F8-146D-448C-B815-E3922659B46F}"
EndProject
Project("{FAE04EC0-301F-11D3-BF4B-00C04F79EFBC}") = "Patients.Tests", "Patients.Tests\Patients.Tests.csproj", "{73D4D853-415F-4CB7-9935-7C45E8331085}"
EndProject
Global
	GlobalSection(SolutionConfigurationPlatforms) = preSolution
		Debug|Any CPU = Debug|Any CPU
		Release|Any CPU = Release|Any CPU
	EndGlobalSection
	GlobalSection(ProjectConfigurationPlatforms) = postSolution
		{66A31E91-FBD7-4CCA-A921-A37ED256F90A}.Debug|Any CPU.ActiveCfg = Debug|Any CPU
		{66A31E91-FBD7-4CCA-A921-A37ED256F90A}.Debug|Any CPU.Build.0 = Debug|Any CPU
		{66A31E91-FBD7-4CCA-A921-A37ED256F90A}.Release|Any CPU.ActiveCfg = Release|Any CPU
		{66A31E91-FBD7-4CCA-A921-A37ED256F90A}.Release|Any CPU.Build.0 = Release|Any CPU
		{A897F099-D347-45DD-BF47-5E141BAA4122}.Debug|Any CPU.ActiveCfg = Debug|Any CPU
		{A897F099-D347-45DD-BF47-5E141BAA4122}.Debug|Any CPU.Build.0 = Debug|Any CPU
		{A897F099-D347-45DD-BF47-5E141BAA4122}.Release|Any CPU.ActiveCfg = Release|Any CPU
		{A897F099-D347-45DD-BF47-5E141BAA4122}.Release|Any CPU.Build.0 = Release|Any CPU
		{9EC8AF7A-86C2-4A1D-BA57-2D0398120353}.Debug|Any CPU.ActiveCfg = Debug|Any CPU
		{9EC8AF7A-86C2-4A1D-BA57-2D0398120353}.Debug|Any CPU.Build.0 = Debug|Any CPU
		{9EC8AF7A-86C2-4A1D-BA57-2D0398120353}.Release|Any CPU.ActiveCfg = Release|Any CPU
		{9EC8AF7A-86C2-4A1D-BA57-2D0398120353}.Release|Any CPU.Build.0 = Release|Any CPU
		{54B2D6F8-146D-448C-B815-E3922659B46F}.Debug|Any CPU.ActiveCfg = Debug|Any CPU
		{54B2D6F8-146D-448C-B815-E3922659B46F}.Debug|Any CPU.Build.0 = Debug|Any CPU
		{54B2D6F8-146D-448C-B815-E3922659B46F}.Release|Any CPU.ActiveCfg = Release|Any CPU
		{54B2D6F8-146D-448C-B815-E3922659B46F}.Release|Any CPU.Build.0 = Release|Any CPU
		{73D4D853-415F-4CB7-9935-7C45E8331085}.Debug|Any CPU.ActiveCfg = Debug|Any CPU
		{73D4D853-415F-4CB7-9935-7C45E8331085}.Debug|Any CPU.Build.0 = Debug|Any CPU
		{73D4D853-415F-4CB7-9935-7C45E8331085}.Release|Any CPU.ActiveCfg = Release|Any CPU
		{73D4D853-415F-4CB7-9935-7C45E8331085}.Release|Any CPU.Build.0 = Release|Any CPU
	EndGlobalSection
	GlobalSection(SolutionProperties) = preSolution
		HideSolutionNode = FALSE
	EndGlobalSection
	GlobalSection(ExtensibilityGlobals) = postSolution
		SolutionGuid = {5EDB7036-C8E2-492F-8F56-CDB7A56D1798}
	EndGlobalSection
EndGlobal
